
Microsoft Visual Studio Solution File, Format Version 12.00
# Visual Studio Version 16
VisualStudioVersion = 16.0.31702.278
MinimumVisualStudioVersion = 10.0.40219.1
Project("{FAE04EC0-301F-11D3-BF4B-00C04F79EFBC}") = "pets_with_interfaces", "pets_with_interfaces\pets_with_interfaces.csproj", "{7742DB8E-C830-4AB8-9F02-82C74D8E5999}"
EndProject
Global
	GlobalSection(SolutionConfigurationPlatforms) = preSolution
		Debug|Any CPU = Debug|Any CPU
		Release|Any CPU = Release|Any CPU
	EndGlobalSection
	GlobalSection(ProjectConfigurationPlatforms) = postSolution
		{7742DB8E-C830-4AB8-9F02-82C74D8E5999}.Debug|Any CPU.ActiveCfg = Debug|Any CPU
		{7742DB8E-C830-4AB8-9F02-82C74D8E5999}.Debug|Any CPU.Build.0 = Debug|Any CPU
		{7742DB8E-C830-4AB8-9F02-82C74D8E5999}.Release|Any CPU.ActiveCfg = Release|Any CPU
		{7742DB8E-C830-4AB8-9F02-82C74D8E5999}.Release|Any CPU.Build.0 = Release|Any CPU
	EndGlobalSection
	GlobalSection(SolutionProperties) = preSolution
		HideSolutionNode = FALSE
	EndGlobalSection
	GlobalSection(ExtensibilityGlobals) = postSolution
		SolutionGuid = {A0A9CEA3-5E58-417F-BF46-E879CC994E0A}
	EndGlobalSection
EndGlobal
